
Microsoft Visual Studio Solution File, Format Version 12.00
# Visual Studio Version 16
VisualStudioVersion = 16.0.30114.105
MinimumVisualStudioVersion = 10.0.40219.1
Project("{FAE04EC0-301F-11D3-BF4B-00C04F79EFBC}") = "Tecsup", "Tecsup\Tecsup.csproj", "{791DD8EC-2B5A-4383-A329-B416CC445930}"
EndProject
Project("{FAE04EC0-301F-11D3-BF4B-00C04F79EFBC}") = "Data", "Data\Data.csproj", "{42ACB9FD-4884-413F-AD82-2233D9FFC410}"
EndProject
Project("{FAE04EC0-301F-11D3-BF4B-00C04F79EFBC}") = "Business", "Business\Business.csproj", "{20557281-640E-4FC5-965C-24B558546ADB}"
EndProject
Project("{FAE04EC0-301F-11D3-BF4B-00C04F79EFBC}") = "Entity", "Entity\Entity.csproj", "{FF865F86-411B-49BA-A99C-8A6D0CA4049D}"
EndProject
Global
	GlobalSection(SolutionConfigurationPlatforms) = preSolution
		Debug|Any CPU = Debug|Any CPU
		Release|Any CPU = Release|Any CPU
	EndGlobalSection
	GlobalSection(ProjectConfigurationPlatforms) = postSolution
		{791DD8EC-2B5A-4383-A329-B416CC445930}.Debug|Any CPU.ActiveCfg = Debug|Any CPU
		{791DD8EC-2B5A-4383-A329-B416CC445930}.Debug|Any CPU.Build.0 = Debug|Any CPU
		{791DD8EC-2B5A-4383-A329-B416CC445930}.Release|Any CPU.ActiveCfg = Release|Any CPU
		{791DD8EC-2B5A-4383-A329-B416CC445930}.Release|Any CPU.Build.0 = Release|Any CPU
		{42ACB9FD-4884-413F-AD82-2233D9FFC410}.Debug|Any CPU.ActiveCfg = Debug|Any CPU
		{42ACB9FD-4884-413F-AD82-2233D9FFC410}.Debug|Any CPU.Build.0 = Debug|Any CPU
		{42ACB9FD-4884-413F-AD82-2233D9FFC410}.Release|Any CPU.ActiveCfg = Release|Any CPU
		{42ACB9FD-4884-413F-AD82-2233D9FFC410}.Release|Any CPU.Build.0 = Release|Any CPU
		{20557281-640E-4FC5-965C-24B558546ADB}.Debug|Any CPU.ActiveCfg = Debug|Any CPU
		{20557281-640E-4FC5-965C-24B558546ADB}.Debug|Any CPU.Build.0 = Debug|Any CPU
		{20557281-640E-4FC5-965C-24B558546ADB}.Release|Any CPU.ActiveCfg = Release|Any CPU
		{20557281-640E-4FC5-965C-24B558546ADB}.Release|Any CPU.Build.0 = Release|Any CPU
		{FF865F86-411B-49BA-A99C-8A6D0CA4049D}.Debug|Any CPU.ActiveCfg = Debug|Any CPU
		{FF865F86-411B-49BA-A99C-8A6D0CA4049D}.Debug|Any CPU.Build.0 = Debug|Any CPU
		{FF865F86-411B-49BA-A99C-8A6D0CA4049D}.Release|Any CPU.ActiveCfg = Release|Any CPU
		{FF865F86-411B-49BA-A99C-8A6D0CA4049D}.Release|Any CPU.Build.0 = Release|Any CPU
	EndGlobalSection
	GlobalSection(SolutionProperties) = preSolution
		HideSolutionNode = FALSE
	EndGlobalSection
	GlobalSection(ExtensibilityGlobals) = postSolution
		SolutionGuid = {D375D2D4-298E-42E7-90C6-391183FA9C77}
	EndGlobalSection
EndGlobal
